
Microsoft Visual Studio Solution File, Format Version 12.00
# Visual Studio Version 16
VisualStudioVersion = 16.0.810.3
MinimumVisualStudioVersion = 10.0.40219.1
Project("{FAE04EC0-301F-11D3-BF4B-00C04F79EFBC}") = "task1", "task1\task1.csproj", "{8ADFDDEB-6ABB-4E60-B82E-395D72BCB902}"
EndProject
Global
	GlobalSection(SolutionConfigurationPlatforms) = preSolution
		Debug|Any CPU = Debug|Any CPU
		Release|Any CPU = Release|Any CPU
	EndGlobalSection
	GlobalSection(ProjectConfigurationPlatforms) = postSolution
		{8ADFDDEB-6ABB-4E60-B82E-395D72BCB902}.Debug|Any CPU.ActiveCfg = Debug|Any CPU
		{8ADFDDEB-6ABB-4E60-B82E-395D72BCB902}.Debug|Any CPU.Build.0 = Debug|Any CPU
		{8ADFDDEB-6ABB-4E60-B82E-395D72BCB902}.Release|Any CPU.ActiveCfg = Release|Any CPU
		{8ADFDDEB-6ABB-4E60-B82E-395D72BCB902}.Release|Any CPU.Build.0 = Release|Any CPU
	EndGlobalSection
	GlobalSection(SolutionProperties) = preSolution
		HideSolutionNode = FALSE
	EndGlobalSection
	GlobalSection(ExtensibilityGlobals) = postSolution
		SolutionGuid = {5A18EBA0-7152-471E-ABED-22A492E75BA3}
	EndGlobalSection
EndGlobal
